
Microsoft Visual Studio Solution File, Format Version 12.00
# Visual Studio 14
VisualStudioVersion = 14.0.25420.1
MinimumVisualStudioVersion = 10.0.40219.1
Project("{FAE04EC0-301F-11D3-BF4B-00C04F79EFBC}") = "App.Admin", "App.Admin\App.Admin.csproj", "{9E5371A2-1B8C-4BAF-AED1-F4855492F78A}"
EndProject
Project("{FAE04EC0-301F-11D3-BF4B-00C04F79EFBC}") = "App.IDAL", "App.IDAL\App.IDAL.csproj", "{106EB955-3408-4A69-A8EB-861E1DD291AA}"
EndProject
Project("{FAE04EC0-301F-11D3-BF4B-00C04F79EFBC}") = "App.DAL", "App.DAL\App.DAL.csproj", "{8587BD6F-1E61-4A0F-BE5F-BFB7BBC604F7}"
EndProject
Project("{FAE04EC0-301F-11D3-BF4B-00C04F79EFBC}") = "App.IBLL", "App.IBLL\App.IBLL.csproj", "{620652D1-FBA9-4EB7-96B9-610F59E71DE1}"
EndProject
Project("{FAE04EC0-301F-11D3-BF4B-00C04F79EFBC}") = "App.BLL", "App.BLL\App.BLL.csproj", "{C4AB29A7-2E1F-4CB7-890C-79B5D4CFF5D9}"
EndProject
Project("{FAE04EC0-301F-11D3-BF4B-00C04F79EFBC}") = "App.Core", "App.Core\App.Core.csproj", "{83469E07-E7D3-4750-A8C0-16696794AEF7}"
EndProject
Project("{FAE04EC0-301F-11D3-BF4B-00C04F79EFBC}") = "App.Models", "App.Models\App.Models.csproj", "{F60D30EC-7DB9-451C-81E4-DB3423D77818}"
EndProject
Project("{FAE04EC0-301F-11D3-BF4B-00C04F79EFBC}") = "App.Common", "App.Common\App.Common.csproj", "{37A91B49-F230-4361-A860-6E3A16A6412B}"
EndProject
Project("{FAE04EC0-301F-11D3-BF4B-00C04F79EFBC}") = "App.WebApi", "App.WebApi\App.WebApi.csproj", "{BF4311B9-3E6B-4CAE-B509-2466F4FF518D}"
EndProject
Project("{FAE04EC0-301F-11D3-BF4B-00C04F79EFBC}") = "App.Web", "App.Web\App.Web.csproj", "{1873DBF9-AC6F-48A9-8900-938333BE6991}"
EndProject
Project("{FAE04EC0-301F-11D3-BF4B-00C04F79EFBC}") = "App.T4", "App.T4\App.T4.csproj", "{BACB24A5-CC05-4EB4-B0B7-828B906582BE}"
EndProject
Project("{FAE04EC0-301F-11D3-BF4B-00C04F79EFBC}") = "App.Lang", "App.Lang\App.Lang.csproj", "{1D766988-CB07-4B63-BCEA-CA3E9DD5A439}"
EndProject
Project("{2150E333-8FDC-42A3-9474-1A3956D46DE8}") = "App.Base", "App.Base", "{BB37F1BA-CE50-4D4F-B180-AB3DAA6FF365}"
EndProject
Project("{2150E333-8FDC-42A3-9474-1A3956D46DE8}") = "App.DEF", "App.DEF", "{AADA7674-DD10-4D59-AFDE-70FF3D151CE5}"
EndProject
Project("{2150E333-8FDC-42A3-9474-1A3956D46DE8}") = "App.MIS", "App.MIS", "{40DBADD1-8F69-46FA-897A-A8B9A1ED9024}"
EndProject
Project("{FAE04EC0-301F-11D3-BF4B-00C04F79EFBC}") = "App.MIS.BLL", "App.MIS.BLL\App.MIS.BLL.csproj", "{344106F4-9419-4F31-B21F-5A24D9181556}"
EndProject
Project("{FAE04EC0-301F-11D3-BF4B-00C04F79EFBC}") = "App.MIS.DAL", "App.MIS.DAL\App.MIS.DAL.csproj", "{96032D69-15D8-40DC-9A3D-67A07A369A7D}"
EndProject
Project("{FAE04EC0-301F-11D3-BF4B-00C04F79EFBC}") = "App.MIS.IBLL", "App.MIS.IBLL\App.MIS.IBLL.csproj", "{7C66DF4D-99FD-48A3-B5FC-88965B499A24}"
EndProject
Project("{FAE04EC0-301F-11D3-BF4B-00C04F79EFBC}") = "App.MIS.IDAL", "App.MIS.IDAL\App.MIS.IDAL.csproj", "{326DCCCC-F223-49E7-B883-1BB91E88FAB1}"
EndProject
Global
	GlobalSection(SolutionConfigurationPlatforms) = preSolution
		Debug|Any CPU = Debug|Any CPU
		Release|Any CPU = Release|Any CPU
	EndGlobalSection
	GlobalSection(ProjectConfigurationPlatforms) = postSolution
		{9E5371A2-1B8C-4BAF-AED1-F4855492F78A}.Debug|Any CPU.ActiveCfg = Debug|Any CPU
		{9E5371A2-1B8C-4BAF-AED1-F4855492F78A}.Debug|Any CPU.Build.0 = Debug|Any CPU
		{9E5371A2-1B8C-4BAF-AED1-F4855492F78A}.Release|Any CPU.ActiveCfg = Release|Any CPU
		{9E5371A2-1B8C-4BAF-AED1-F4855492F78A}.Release|Any CPU.Build.0 = Release|Any CPU
		{106EB955-3408-4A69-A8EB-861E1DD291AA}.Debug|Any CPU.ActiveCfg = Debug|Any CPU
		{106EB955-3408-4A69-A8EB-861E1DD291AA}.Debug|Any CPU.Build.0 = Debug|Any CPU
		{106EB955-3408-4A69-A8EB-861E1DD291AA}.Release|Any CPU.ActiveCfg = Release|Any CPU
		{106EB955-3408-4A69-A8EB-861E1DD291AA}.Release|Any CPU.Build.0 = Release|Any CPU
		{8587BD6F-1E61-4A0F-BE5F-BFB7BBC604F7}.Debug|Any CPU.ActiveCfg = Debug|Any CPU
		{8587BD6F-1E61-4A0F-BE5F-BFB7BBC604F7}.Debug|Any CPU.Build.0 = Debug|Any CPU
		{8587BD6F-1E61-4A0F-BE5F-BFB7BBC604F7}.Release|Any CPU.ActiveCfg = Release|Any CPU
		{8587BD6F-1E61-4A0F-BE5F-BFB7BBC604F7}.Release|Any CPU.Build.0 = Release|Any CPU
		{620652D1-FBA9-4EB7-96B9-610F59E71DE1}.Debug|Any CPU.ActiveCfg = Debug|Any CPU
		{620652D1-FBA9-4EB7-96B9-610F59E71DE1}.Debug|Any CPU.Build.0 = Debug|Any CPU
		{620652D1-FBA9-4EB7-96B9-610F59E71DE1}.Release|Any CPU.ActiveCfg = Release|Any CPU
		{620652D1-FBA9-4EB7-96B9-610F59E71DE1}.Release|Any CPU.Build.0 = Release|Any CPU
		{C4AB29A7-2E1F-4CB7-890C-79B5D4CFF5D9}.Debug|Any CPU.ActiveCfg = Debug|Any CPU
		{C4AB29A7-2E1F-4CB7-890C-79B5D4CFF5D9}.Debug|Any CPU.Build.0 = Debug|Any CPU
		{C4AB29A7-2E1F-4CB7-890C-79B5D4CFF5D9}.Release|Any CPU.ActiveCfg = Release|Any CPU
		{C4AB29A7-2E1F-4CB7-890C-79B5D4CFF5D9}.Release|Any CPU.Build.0 = Release|Any CPU
		{83469E07-E7D3-4750-A8C0-16696794AEF7}.Debug|Any CPU.ActiveCfg = Debug|Any CPU
		{83469E07-E7D3-4750-A8C0-16696794AEF7}.Debug|Any CPU.Build.0 = Debug|Any CPU
		{83469E07-E7D3-4750-A8C0-16696794AEF7}.Release|Any CPU.ActiveCfg = Release|Any CPU
		{83469E07-E7D3-4750-A8C0-16696794AEF7}.Release|Any CPU.Build.0 = Release|Any CPU
		{F60D30EC-7DB9-451C-81E4-DB3423D77818}.Debug|Any CPU.ActiveCfg = Debug|Any CPU
		{F60D30EC-7DB9-451C-81E4-DB3423D77818}.Debug|Any CPU.Build.0 = Debug|Any CPU
		{F60D30EC-7DB9-451C-81E4-DB3423D77818}.Release|Any CPU.ActiveCfg = Release|Any CPU
		{F60D30EC-7DB9-451C-81E4-DB3423D77818}.Release|Any CPU.Build.0 = Release|Any CPU
		{37A91B49-F230-4361-A860-6E3A16A6412B}.Debug|Any CPU.ActiveCfg = Debug|Any CPU
		{37A91B49-F230-4361-A860-6E3A16A6412B}.Debug|Any CPU.Build.0 = Debug|Any CPU
		{37A91B49-F230-4361-A860-6E3A16A6412B}.Release|Any CPU.ActiveCfg = Release|Any CPU
		{37A91B49-F230-4361-A860-6E3A16A6412B}.Release|Any CPU.Build.0 = Release|Any CPU
		{BF4311B9-3E6B-4CAE-B509-2466F4FF518D}.Debug|Any CPU.ActiveCfg = Debug|Any CPU
		{BF4311B9-3E6B-4CAE-B509-2466F4FF518D}.Debug|Any CPU.Build.0 = Debug|Any CPU
		{BF4311B9-3E6B-4CAE-B509-2466F4FF518D}.Release|Any CPU.ActiveCfg = Release|Any CPU
		{BF4311B9-3E6B-4CAE-B509-2466F4FF518D}.Release|Any CPU.Build.0 = Release|Any CPU
		{1873DBF9-AC6F-48A9-8900-938333BE6991}.Debug|Any CPU.ActiveCfg = Debug|Any CPU
		{1873DBF9-AC6F-48A9-8900-938333BE6991}.Debug|Any CPU.Build.0 = Debug|Any CPU
		{1873DBF9-AC6F-48A9-8900-938333BE6991}.Release|Any CPU.ActiveCfg = Release|Any CPU
		{1873DBF9-AC6F-48A9-8900-938333BE6991}.Release|Any CPU.Build.0 = Release|Any CPU
		{BACB24A5-CC05-4EB4-B0B7-828B906582BE}.Debug|Any CPU.ActiveCfg = Debug|Any CPU
		{BACB24A5-CC05-4EB4-B0B7-828B906582BE}.Debug|Any CPU.Build.0 = Debug|Any CPU
		{BACB24A5-CC05-4EB4-B0B7-828B906582BE}.Release|Any CPU.ActiveCfg = Release|Any CPU
		{BACB24A5-CC05-4EB4-B0B7-828B906582BE}.Release|Any CPU.Build.0 = Release|Any CPU
		{1D766988-CB07-4B63-BCEA-CA3E9DD5A439}.Debug|Any CPU.ActiveCfg = Debug|Any CPU
		{1D766988-CB07-4B63-BCEA-CA3E9DD5A439}.Debug|Any CPU.Build.0 = Debug|Any CPU
		{1D766988-CB07-4B63-BCEA-CA3E9DD5A439}.Release|Any CPU.ActiveCfg = Release|Any CPU
		{1D766988-CB07-4B63-BCEA-CA3E9DD5A439}.Release|Any CPU.Build.0 = Release|Any CPU
		{344106F4-9419-4F31-B21F-5A24D9181556}.Debug|Any CPU.ActiveCfg = Debug|Any CPU
		{344106F4-9419-4F31-B21F-5A24D9181556}.Debug|Any CPU.Build.0 = Debug|Any CPU
		{344106F4-9419-4F31-B21F-5A24D9181556}.Release|Any CPU.ActiveCfg = Release|Any CPU
		{344106F4-9419-4F31-B21F-5A24D9181556}.Release|Any CPU.Build.0 = Release|Any CPU
		{96032D69-15D8-40DC-9A3D-67A07A369A7D}.Debug|Any CPU.ActiveCfg = Debug|Any CPU
		{96032D69-15D8-40DC-9A3D-67A07A369A7D}.Debug|Any CPU.Build.0 = Debug|Any CPU
		{96032D69-15D8-40DC-9A3D-67A07A369A7D}.Release|Any CPU.ActiveCfg = Release|Any CPU
		{96032D69-15D8-40DC-9A3D-67A07A369A7D}.Release|Any CPU.Build.0 = Release|Any CPU
		{7C66DF4D-99FD-48A3-B5FC-88965B499A24}.Debug|Any CPU.ActiveCfg = Debug|Any CPU
		{7C66DF4D-99FD-48A3-B5FC-88965B499A24}.Debug|Any CPU.Build.0 = Debug|Any CPU
		{7C66DF4D-99FD-48A3-B5FC-88965B499A24}.Release|Any CPU.ActiveCfg = Release|Any CPU
		{7C66DF4D-99FD-48A3-B5FC-88965B499A24}.Release|Any CPU.Build.0 = Release|Any CPU
		{326DCCCC-F223-49E7-B883-1BB91E88FAB1}.Debug|Any CPU.ActiveCfg = Debug|Any CPU
		{326DCCCC-F223-49E7-B883-1BB91E88FAB1}.Debug|Any CPU.Build.0 = Debug|Any CPU
		{326DCCCC-F223-49E7-B883-1BB91E88FAB1}.Release|Any CPU.ActiveCfg = Release|Any CPU
		{326DCCCC-F223-49E7-B883-1BB91E88FAB1}.Release|Any CPU.Build.0 = Release|Any CPU
	EndGlobalSection
	GlobalSection(SolutionProperties) = preSolution
		HideSolutionNode = FALSE
	EndGlobalSection
	GlobalSection(NestedProjects) = preSolution
		{106EB955-3408-4A69-A8EB-861E1DD291AA} = {BB37F1BA-CE50-4D4F-B180-AB3DAA6FF365}
		{8587BD6F-1E61-4A0F-BE5F-BFB7BBC604F7} = {BB37F1BA-CE50-4D4F-B180-AB3DAA6FF365}
		{620652D1-FBA9-4EB7-96B9-610F59E71DE1} = {BB37F1BA-CE50-4D4F-B180-AB3DAA6FF365}
		{C4AB29A7-2E1F-4CB7-890C-79B5D4CFF5D9} = {BB37F1BA-CE50-4D4F-B180-AB3DAA6FF365}
		{344106F4-9419-4F31-B21F-5A24D9181556} = {40DBADD1-8F69-46FA-897A-A8B9A1ED9024}
		{96032D69-15D8-40DC-9A3D-67A07A369A7D} = {40DBADD1-8F69-46FA-897A-A8B9A1ED9024}
		{7C66DF4D-99FD-48A3-B5FC-88965B499A24} = {40DBADD1-8F69-46FA-897A-A8B9A1ED9024}
		{326DCCCC-F223-49E7-B883-1BB91E88FAB1} = {40DBADD1-8F69-46FA-897A-A8B9A1ED9024}
	EndGlobalSection
EndGlobal
